
Microsoft Visual Studio Solution File, Format Version 12.00
# Visual Studio Version 17
VisualStudioVersion = 17.5.002.0
MinimumVisualStudioVersion = 10.0.40219.1
Project("{2150E333-8FDC-42A3-9474-1A3956D46DE8}") = "csharp-prep", "csharp-prep", "{A1D8C8AB-796B-4BFA-9D97-BEEBDF2B8AEA}"
EndProject
Project("{9A19103F-16F7-4668-BE54-9A1E7A4F7556}") = "Prep1", "csharp-prep\Prep1\Prep1.csproj", "{E6E88FD9-CB24-4B5B-B04D-042DADFDDBCE}"
EndProject
Project("{9A19103F-16F7-4668-BE54-9A1E7A4F7556}") = "Prep2", "csharp-prep\Prep2\Prep2.csproj", "{FDA1B5D0-18A6-4235-AB12-91E9C761E6E3}"
EndProject
Project("{9A19103F-16F7-4668-BE54-9A1E7A4F7556}") = "Prep3", "csharp-prep\Prep3\Prep3.csproj", "{CDD17B8E-D63C-471F-BB54-19F81B395D04}"
EndProject
Project("{9A19103F-16F7-4668-BE54-9A1E7A4F7556}") = "Prep4", "csharp-prep\Prep4\Prep4.csproj", "{0BA14391-4B05-47E1-8B95-A72F3EA212B2}"
EndProject
Project("{9A19103F-16F7-4668-BE54-9A1E7A4F7556}") = "Prep5", "csharp-prep\Prep5\Prep5.csproj", "{DAEC93A4-7E1B-4134-AA22-A8A216B9822D}"
EndProject
Project("{2150E333-8FDC-42A3-9474-1A3956D46DE8}") = "final", "final", "{1112A908-FA09-418B-B70D-96D536A4EC0A}"
EndProject
Project("{9A19103F-16F7-4668-BE54-9A1E7A4F7556}") = "FinalProject", "final\FinalProject\FinalProject.csproj", "{8F25933C-F96D-4F93-8032-2CCC02C3B0C6}"
EndProject
Project("{9A19103F-16F7-4668-BE54-9A1E7A4F7556}") = "Foundation1", "final\Foundation1\Foundation1.csproj", "{D4045A66-30CB-4B2F-92F7-8996BB791E50}"
EndProject
Project("{9A19103F-16F7-4668-BE54-9A1E7A4F7556}") = "Foundation2", "final\Foundation2\Foundation2.csproj", "{14540919-23D9-46D6-B32F-01C714770AA3}"
EndProject
Project("{9A19103F-16F7-4668-BE54-9A1E7A4F7556}") = "Foundation3", "final\Foundation3\Foundation3.csproj", "{25DC96CF-6B57-4844-9785-7BA101314AAD}"
EndProject
Project("{9A19103F-16F7-4668-BE54-9A1E7A4F7556}") = "Foundation4", "final\Foundation4\Foundation4.csproj", "{A63685E7-1992-45A7-9E06-ACB1B3683BBA}"
EndProject
Project("{2150E333-8FDC-42A3-9474-1A3956D46DE8}") = "prepare", "prepare", "{355DE5EE-1048-4B03-BBEE-3563EDC9306B}"
EndProject
Project("{9A19103F-16F7-4668-BE54-9A1E7A4F7556}") = "Learning02", "prepare\Learning02\Learning02.csproj", "{477ABA72-60FE-42B0-9CD5-CF9D29BE87CA}"
EndProject
Project("{9A19103F-16F7-4668-BE54-9A1E7A4F7556}") = "Learning03", "prepare\Learning03\Learning03.csproj", "{4B5551E6-4474-4BDF-9248-16D9D8D346D9}"
EndProject
Project("{9A19103F-16F7-4668-BE54-9A1E7A4F7556}") = "Learning04", "prepare\Learning04\Learning04.csproj", "{00B205C1-E6A5-4F9A-8AAC-576F515E45E6}"
EndProject
Project("{9A19103F-16F7-4668-BE54-9A1E7A4F7556}") = "Learning05", "prepare\Learning05\Learning05.csproj", "{B875C508-2A9C-441C-925A-F61CD3D9403D}"
EndProject
Project("{2150E333-8FDC-42A3-9474-1A3956D46DE8}") = "prove", "prove", "{6CA23565-9BB3-4F3C-957D-59FAEA03861E}"
EndProject
Project("{9A19103F-16F7-4668-BE54-9A1E7A4F7556}") = "Develop02", "prove\Develop02\Develop02.csproj", "{187BF40B-127A-4C04-BCB5-A3A26F3357AE}"
EndProject
Project("{9A19103F-16F7-4668-BE54-9A1E7A4F7556}") = "Develop03", "prove\Develop03\Develop03.csproj", "{6E448659-C707-41B8-A182-87EDECD49937}"
EndProject
Project("{9A19103F-16F7-4668-BE54-9A1E7A4F7556}") = "Develop04", "prove\Develop04\Develop04.csproj", "{13413311-2F90-4C54-BBCD-E7CE2D6547E0}"
EndProject
Project("{9A19103F-16F7-4668-BE54-9A1E7A4F7556}") = "Develop05", "prove\Develop05\Develop05.csproj", "{C284AD77-37EA-4C72-9905-2C826C5A8BC4}"
EndProject
Project("{2150E333-8FDC-42A3-9474-1A3956D46DE8}") = "sandbox", "sandbox", "{58C733B6-2306-4F49-97AC-59727819F0EA}"
EndProject
Project("{9A19103F-16F7-4668-BE54-9A1E7A4F7556}") = "Sandbox", "sandbox\Sandbox\Sandbox.csproj", "{6ED0068B-FB3D-4CA3-A007-8AACB20C82D9}"
EndProject
Global
	GlobalSection(SolutionConfigurationPlatforms) = preSolution
		Debug|Any CPU = Debug|Any CPU
		Release|Any CPU = Release|Any CPU
	EndGlobalSection
	GlobalSection(ProjectConfigurationPlatforms) = postSolution
		{E6E88FD9-CB24-4B5B-B04D-042DADFDDBCE}.Debug|Any CPU.ActiveCfg = Debug|Any CPU
		{E6E88FD9-CB24-4B5B-B04D-042DADFDDBCE}.Debug|Any CPU.Build.0 = Debug|Any CPU
		{E6E88FD9-CB24-4B5B-B04D-042DADFDDBCE}.Release|Any CPU.ActiveCfg = Release|Any CPU
		{E6E88FD9-CB24-4B5B-B04D-042DADFDDBCE}.Release|Any CPU.Build.0 = Release|Any CPU
		{FDA1B5D0-18A6-4235-AB12-91E9C761E6E3}.Debug|Any CPU.ActiveCfg = Debug|Any CPU
		{FDA1B5D0-18A6-4235-AB12-91E9C761E6E3}.Debug|Any CPU.Build.0 = Debug|Any CPU
		{FDA1B5D0-18A6-4235-AB12-91E9C761E6E3}.Release|Any CPU.ActiveCfg = Release|Any CPU
		{FDA1B5D0-18A6-4235-AB12-91E9C761E6E3}.Release|Any CPU.Build.0 = Release|Any CPU
		{CDD17B8E-D63C-471F-BB54-19F81B395D04}.Debug|Any CPU.ActiveCfg = Debug|Any CPU
		{CDD17B8E-D63C-471F-BB54-19F81B395D04}.Debug|Any CPU.Build.0 = Debug|Any CPU
		{CDD17B8E-D63C-471F-BB54-19F81B395D04}.Release|Any CPU.ActiveCfg = Release|Any CPU
		{CDD17B8E-D63C-471F-BB54-19F81B395D04}.Release|Any CPU.Build.0 = Release|Any CPU
		{0BA14391-4B05-47E1-8B95-A72F3EA212B2}.Debug|Any CPU.ActiveCfg = Debug|Any CPU
		{0BA14391-4B05-47E1-8B95-A72F3EA212B2}.Debug|Any CPU.Build.0 = Debug|Any CPU
		{0BA14391-4B05-47E1-8B95-A72F3EA212B2}.Release|Any CPU.ActiveCfg = Release|Any CPU
		{0BA14391-4B05-47E1-8B95-A72F3EA212B2}.Release|Any CPU.Build.0 = Release|Any CPU
		{DAEC93A4-7E1B-4134-AA22-A8A216B9822D}.Debug|Any CPU.ActiveCfg = Debug|Any CPU
		{DAEC93A4-7E1B-4134-AA22-A8A216B9822D}.Debug|Any CPU.Build.0 = Debug|Any CPU
		{DAEC93A4-7E1B-4134-AA22-A8A216B9822D}.Release|Any CPU.ActiveCfg = Release|Any CPU
		{DAEC93A4-7E1B-4134-AA22-A8A216B9822D}.Release|Any CPU.Build.0 = Release|Any CPU
		{8F25933C-F96D-4F93-8032-2CCC02C3B0C6}.Debug|Any CPU.ActiveCfg = Debug|Any CPU
		{8F25933C-F96D-4F93-8032-2CCC02C3B0C6}.Debug|Any CPU.Build.0 = Debug|Any CPU
		{8F25933C-F96D-4F93-8032-2CCC02C3B0C6}.Release|Any CPU.ActiveCfg = Release|Any CPU
		{8F25933C-F96D-4F93-8032-2CCC02C3B0C6}.Release|Any CPU.Build.0 = Release|Any CPU
		{D4045A66-30CB-4B2F-92F7-8996BB791E50}.Debug|Any CPU.ActiveCfg = Debug|Any CPU
		{D4045A66-30CB-4B2F-92F7-8996BB791E50}.Debug|Any CPU.Build.0 = Debug|Any CPU
		{D4045A66-30CB-4B2F-92F7-8996BB791E50}.Release|Any CPU.ActiveCfg = Release|Any CPU
		{D4045A66-30CB-4B2F-92F7-8996BB791E50}.Release|Any CPU.Build.0 = Release|Any CPU
		{14540919-23D9-46D6-B32F-01C714770AA3}.Debug|Any CPU.ActiveCfg = Debug|Any CPU
		{14540919-23D9-46D6-B32F-01C714770AA3}.Debug|Any CPU.Build.0 = Debug|Any CPU
		{14540919-23D9-46D6-B32F-01C714770AA3}.Release|Any CPU.ActiveCfg = Release|Any CPU
		{14540919-23D9-46D6-B32F-01C714770AA3}.Release|Any CPU.Build.0 = Release|Any CPU
		{25DC96CF-6B57-4844-9785-7BA101314AAD}.Debug|Any CPU.ActiveCfg = Debug|Any CPU
		{25DC96CF-6B57-4844-9785-7BA101314AAD}.Debug|Any CPU.Build.0 = Debug|Any CPU
		{25DC96CF-6B57-4844-9785-7BA101314AAD}.Release|Any CPU.ActiveCfg = Release|Any CPU
		{25DC96CF-6B57-4844-9785-7BA101314AAD}.Release|Any CPU.Build.0 = Release|Any CPU
		{A63685E7-1992-45A7-9E06-ACB1B3683BBA}.Debug|Any CPU.ActiveCfg = Debug|Any CPU
		{A63685E7-1992-45A7-9E06-ACB1B3683BBA}.Debug|Any CPU.Build.0 = Debug|Any CPU
		{A63685E7-1992-45A7-9E06-ACB1B3683BBA}.Release|Any CPU.ActiveCfg = Release|Any CPU
		{A63685E7-1992-45A7-9E06-ACB1B3683BBA}.Release|Any CPU.Build.0 = Release|Any CPU
		{477ABA72-60FE-42B0-9CD5-CF9D29BE87CA}.Debug|Any CPU.ActiveCfg = Debug|Any CPU
		{477ABA72-60FE-42B0-9CD5-CF9D29BE87CA}.Debug|Any CPU.Build.0 = Debug|Any CPU
		{477ABA72-60FE-42B0-9CD5-CF9D29BE87CA}.Release|Any CPU.ActiveCfg = Release|Any CPU
		{477ABA72-60FE-42B0-9CD5-CF9D29BE87CA}.Release|Any CPU.Build.0 = Release|Any CPU
		{4B5551E6-4474-4BDF-9248-16D9D8D346D9}.Debug|Any CPU.ActiveCfg = Debug|Any CPU
		{4B5551E6-4474-4BDF-9248-16D9D8D346D9}.Debug|Any CPU.Build.0 = Debug|Any CPU
		{4B5551E6-4474-4BDF-9248-16D9D8D346D9}.Release|Any CPU.ActiveCfg = Release|Any CPU
		{4B5551E6-4474-4BDF-9248-16D9D8D346D9}.Release|Any CPU.Build.0 = Release|Any CPU
		{00B205C1-E6A5-4F9A-8AAC-576F515E45E6}.Debug|Any CPU.ActiveCfg = Debug|Any CPU
		{00B205C1-E6A5-4F9A-8AAC-576F515E45E6}.Debug|Any CPU.Build.0 = Debug|Any CPU
		{00B205C1-E6A5-4F9A-8AAC-576F515E45E6}.Release|Any CPU.ActiveCfg = Release|Any CPU
		{00B205C1-E6A5-4F9A-8AAC-576F515E45E6}.Release|Any CPU.Build.0 = Release|Any CPU
		{B875C508-2A9C-441C-925A-F61CD3D9403D}.Debug|Any CPU.ActiveCfg = Debug|Any CPU
		{B875C508-2A9C-441C-925A-F61CD3D9403D}.Debug|Any CPU.Build.0 = Debug|Any CPU
		{B875C508-2A9C-441C-925A-F61CD3D9403D}.Release|Any CPU.ActiveCfg = Release|Any CPU
		{B875C508-2A9C-441C-925A-F61CD3D9403D}.Release|Any CPU.Build.0 = Release|Any CPU
		{187BF40B-127A-4C04-BCB5-A3A26F3357AE}.Debug|Any CPU.ActiveCfg = Debug|Any CPU
		{187BF40B-127A-4C04-BCB5-A3A26F3357AE}.Debug|Any CPU.Build.0 = Debug|Any CPU
		{187BF40B-127A-4C04-BCB5-A3A26F3357AE}.Release|Any CPU.ActiveCfg = Release|Any CPU
		{187BF40B-127A-4C04-BCB5-A3A26F3357AE}.Release|Any CPU.Build.0 = Release|Any CPU
		{6E448659-C707-41B8-A182-87EDECD49937}.Debug|Any CPU.ActiveCfg = Debug|Any CPU
		{6E448659-C707-41B8-A182-87EDECD49937}.Debug|Any CPU.Build.0 = Debug|Any CPU
		{6E448659-C707-41B8-A182-87EDECD49937}.Release|Any CPU.ActiveCfg = Release|Any CPU
		{6E448659-C707-41B8-A182-87EDECD49937}.Release|Any CPU.Build.0 = Release|Any CPU
		{13413311-2F90-4C54-BBCD-E7CE2D6547E0}.Debug|Any CPU.ActiveCfg = Debug|Any CPU
		{13413311-2F90-4C54-BBCD-E7CE2D6547E0}.Debug|Any CPU.Build.0 = Debug|Any CPU
		{13413311-2F90-4C54-BBCD-E7CE2D6547E0}.Release|Any CPU.ActiveCfg = Release|Any CPU
		{13413311-2F90-4C54-BBCD-E7CE2D6547E0}.Release|Any CPU.Build.0 = Release|Any CPU
		{C284AD77-37EA-4C72-9905-2C826C5A8BC4}.Debug|Any CPU.ActiveCfg = Debug|Any CPU
		{C284AD77-37EA-4C72-9905-2C826C5A8BC4}.Debug|Any CPU.Build.0 = Debug|Any CPU
		{C284AD77-37EA-4C72-9905-2C826C5A8BC4}.Release|Any CPU.ActiveCfg = Release|Any CPU
		{C284AD77-37EA-4C72-9905-2C826C5A8BC4}.Release|Any CPU.Build.0 = Release|Any CPU
		{6ED0068B-FB3D-4CA3-A007-8AACB20C82D9}.Debug|Any CPU.ActiveCfg = Debug|Any CPU
		{6ED0068B-FB3D-4CA3-A007-8AACB20C82D9}.Debug|Any CPU.Build.0 = Debug|Any CPU
		{6ED0068B-FB3D-4CA3-A007-8AACB20C82D9}.Release|Any CPU.ActiveCfg = Release|Any CPU
		{6ED0068B-FB3D-4CA3-A007-8AACB20C82D9}.Release|Any CPU.Build.0 = Release|Any CPU
	EndGlobalSection
	GlobalSection(SolutionProperties) = preSolution
		HideSolutionNode = FALSE
	EndGlobalSection
	GlobalSection(NestedProjects) = preSolution
		{E6E88FD9-CB24-4B5B-B04D-042DADFDDBCE} = {A1D8C8AB-796B-4BFA-9D97-BEEBDF2B8AEA}
		{FDA1B5D0-18A6-4235-AB12-91E9C761E6E3} = {A1D8C8AB-796B-4BFA-9D97-BEEBDF2B8AEA}
		{CDD17B8E-D63C-471F-BB54-19F81B395D04} = {A1D8C8AB-796B-4BFA-9D97-BEEBDF2B8AEA}
		{0BA14391-4B05-47E1-8B95-A72F3EA212B2} = {A1D8C8AB-796B-4BFA-9D97-BEEBDF2B8AEA}
		{DAEC93A4-7E1B-4134-AA22-A8A216B9822D} = {A1D8C8AB-796B-4BFA-9D97-BEEBDF2B8AEA}
		{8F25933C-F96D-4F93-8032-2CCC02C3B0C6} = {1112A908-FA09-418B-B70D-96D536A4EC0A}
		{D4045A66-30CB-4B2F-92F7-8996BB791E50} = {1112A908-FA09-418B-B70D-96D536A4EC0A}
		{14540919-23D9-46D6-B32F-01C714770AA3} = {1112A908-FA09-418B-B70D-96D536A4EC0A}
		{25DC96CF-6B57-4844-9785-7BA101314AAD} = {1112A908-FA09-418B-B70D-96D536A4EC0A}
		{A63685E7-1992-45A7-9E06-ACB1B3683BBA} = {1112A908-FA09-418B-B70D-96D536A4EC0A}
		{477ABA72-60FE-42B0-9CD5-CF9D29BE87CA} = {355DE5EE-1048-4B03-BBEE-3563EDC9306B}
		{4B5551E6-4474-4BDF-9248-16D9D8D346D9} = {355DE5EE-1048-4B03-BBEE-3563EDC9306B}
		{00B205C1-E6A5-4F9A-8AAC-576F515E45E6} = {355DE5EE-1048-4B03-BBEE-3563EDC9306B}
		{B875C508-2A9C-441C-925A-F61CD3D9403D} = {355DE5EE-1048-4B03-BBEE-3563EDC9306B}
		{187BF40B-127A-4C04-BCB5-A3A26F3357AE} = {6CA23565-9BB3-4F3C-957D-59FAEA03861E}
		{6E448659-C707-41B8-A182-87EDECD49937} = {6CA23565-9BB3-4F3C-957D-59FAEA03861E}
		{13413311-2F90-4C54-BBCD-E7CE2D6547E0} = {6CA23565-9BB3-4F3C-957D-59FAEA03861E}
		{C284AD77-37EA-4C72-9905-2C826C5A8BC4} = {6CA23565-9BB3-4F3C-957D-59FAEA03861E}
		{6ED0068B-FB3D-4CA3-A007-8AACB20C82D9} = {58C733B6-2306-4F49-97AC-59727819F0EA}
	EndGlobalSection
	GlobalSection(ExtensibilityGlobals) = postSolution
		SolutionGuid = {646C34E9-FD13-407A-A23B-715CFAC876E6}
	EndGlobalSection
EndGlobal
